
Microsoft Visual Studio Solution File, Format Version 12.00
# Visual Studio Version 16
VisualStudioVersion = 16.0.30204.135
MinimumVisualStudioVersion = 10.0.40219.1
Project("{FAE04EC0-301F-11D3-BF4B-00C04F79EFBC}") = "APSoft Web Scanner v2", "APSoft Web Scanner v2.csproj", "{15E3E6B1-528B-4787-9315-0C313762E6E3}"
EndProject
Global
	GlobalSection(SolutionConfigurationPlatforms) = preSolution
		Debug|Any CPU = Debug|Any CPU
		Release|Any CPU = Release|Any CPU
	EndGlobalSection
	GlobalSection(ProjectConfigurationPlatforms) = postSolution
		{15E3E6B1-528B-4787-9315-0C313762E6E3}.Debug|Any CPU.ActiveCfg = Debug|Any CPU
		{15E3E6B1-528B-4787-9315-0C313762E6E3}.Debug|Any CPU.Build.0 = Debug|Any CPU
		{15E3E6B1-528B-4787-9315-0C313762E6E3}.Release|Any CPU.ActiveCfg = Release|Any CPU
		{15E3E6B1-528B-4787-9315-0C313762E6E3}.Release|Any CPU.Build.0 = Release|Any CPU
	EndGlobalSection
	GlobalSection(SolutionProperties) = preSolution
		HideSolutionNode = FALSE
	EndGlobalSection
	GlobalSection(ExtensibilityGlobals) = postSolution
		SolutionGuid = {94A531F2-A398-4A81-BD43-22624C6E752D}
	EndGlobalSection
EndGlobal
